
Microsoft Visual Studio Solution File, Format Version 12.00
# Visual Studio 15
VisualStudioVersion = 15.0.28307.779
MinimumVisualStudioVersion = 10.0.40219.1
Project("{FAE04EC0-301F-11D3-BF4B-00C04F79EFBC}") = "WpfApp2", "WpfApp2\WpfApp2.csproj", "{BA4CE2C2-19D4-48D5-8DFB-30825E45B53C}"
EndProject
Global
	GlobalSection(SolutionConfigurationPlatforms) = preSolution
		Debug|Any CPU = Debug|Any CPU
		Release|Any CPU = Release|Any CPU
	EndGlobalSection
	GlobalSection(ProjectConfigurationPlatforms) = postSolution
		{BA4CE2C2-19D4-48D5-8DFB-30825E45B53C}.Debug|Any CPU.ActiveCfg = Debug|Any CPU
		{BA4CE2C2-19D4-48D5-8DFB-30825E45B53C}.Debug|Any CPU.Build.0 = Debug|Any CPU
		{BA4CE2C2-19D4-48D5-8DFB-30825E45B53C}.Release|Any CPU.ActiveCfg = Release|Any CPU
		{BA4CE2C2-19D4-48D5-8DFB-30825E45B53C}.Release|Any CPU.Build.0 = Release|Any CPU
	EndGlobalSection
	GlobalSection(SolutionProperties) = preSolution
		HideSolutionNode = FALSE
	EndGlobalSection
	GlobalSection(ExtensibilityGlobals) = postSolution
		SolutionGuid = {9941F2C7-2898-414D-B833-9552414B0D4E}
	EndGlobalSection
EndGlobal
