
Microsoft Visual Studio Solution File, Format Version 12.00
# Visual Studio Version 17
VisualStudioVersion = 17.0.31912.275
MinimumVisualStudioVersion = 10.0.40219.1
Project("{FAE04EC0-301F-11D3-BF4B-00C04F79EFBC}") = "Calculator", "Calculator.csproj", "{719BACE8-9F09-4429-BBD6-8D98C268AC42}"
EndProject
Global
	GlobalSection(SolutionConfigurationPlatforms) = preSolution
		Debug|Any CPU = Debug|Any CPU
		Release|Any CPU = Release|Any CPU
	EndGlobalSection
	GlobalSection(ProjectConfigurationPlatforms) = postSolution
		{719BACE8-9F09-4429-BBD6-8D98C268AC42}.Debug|Any CPU.ActiveCfg = Debug|Any CPU
		{719BACE8-9F09-4429-BBD6-8D98C268AC42}.Debug|Any CPU.Build.0 = Debug|Any CPU
		{719BACE8-9F09-4429-BBD6-8D98C268AC42}.Release|Any CPU.ActiveCfg = Release|Any CPU
		{719BACE8-9F09-4429-BBD6-8D98C268AC42}.Release|Any CPU.Build.0 = Release|Any CPU
	EndGlobalSection
	GlobalSection(SolutionProperties) = preSolution
		HideSolutionNode = FALSE
	EndGlobalSection
	GlobalSection(ExtensibilityGlobals) = postSolution
		SolutionGuid = {74EE983B-25B8-4217-AD20-B6456F15E891}
	EndGlobalSection
EndGlobal
