
Microsoft Visual Studio Solution File, Format Version 12.00
# Visual Studio Version 17
VisualStudioVersion = 17.0.31912.275
MinimumVisualStudioVersion = 10.0.40219.1
Project("{FAE04EC0-301F-11D3-BF4B-00C04F79EFBC}") = "Lista_3", "Lista_3.csproj", "{DF853509-837E-4C94-AF74-87C24C84D782}"
EndProject
Global
	GlobalSection(SolutionConfigurationPlatforms) = preSolution
		Debug|Any CPU = Debug|Any CPU
		Release|Any CPU = Release|Any CPU
	EndGlobalSection
	GlobalSection(ProjectConfigurationPlatforms) = postSolution
		{DF853509-837E-4C94-AF74-87C24C84D782}.Debug|Any CPU.ActiveCfg = Debug|Any CPU
		{DF853509-837E-4C94-AF74-87C24C84D782}.Debug|Any CPU.Build.0 = Debug|Any CPU
		{DF853509-837E-4C94-AF74-87C24C84D782}.Release|Any CPU.ActiveCfg = Release|Any CPU
		{DF853509-837E-4C94-AF74-87C24C84D782}.Release|Any CPU.Build.0 = Release|Any CPU
	EndGlobalSection
	GlobalSection(SolutionProperties) = preSolution
		HideSolutionNode = FALSE
	EndGlobalSection
	GlobalSection(ExtensibilityGlobals) = postSolution
		SolutionGuid = {78769AA9-CF3E-4905-A07C-08959BD33E21}
	EndGlobalSection
EndGlobal
